
Microsoft Visual Studio Solution File, Format Version 12.00
# Visual Studio 15
VisualStudioVersion = 15.0.28010.2048
MinimumVisualStudioVersion = 10.0.40219.1
Project("{FAE04EC0-301F-11D3-BF4B-00C04F79EFBC}") = "massdouble", "massdouble\massdouble.csproj", "{1C07A80D-2C02-4D29-AAB5-7A56CE053493}"
EndProject
Global
	GlobalSection(SolutionConfigurationPlatforms) = preSolution
		Debug|Any CPU = Debug|Any CPU
		Release|Any CPU = Release|Any CPU
	EndGlobalSection
	GlobalSection(ProjectConfigurationPlatforms) = postSolution
		{1C07A80D-2C02-4D29-AAB5-7A56CE053493}.Debug|Any CPU.ActiveCfg = Debug|Any CPU
		{1C07A80D-2C02-4D29-AAB5-7A56CE053493}.Debug|Any CPU.Build.0 = Debug|Any CPU
		{1C07A80D-2C02-4D29-AAB5-7A56CE053493}.Release|Any CPU.ActiveCfg = Release|Any CPU
		{1C07A80D-2C02-4D29-AAB5-7A56CE053493}.Release|Any CPU.Build.0 = Release|Any CPU
	EndGlobalSection
	GlobalSection(SolutionProperties) = preSolution
		HideSolutionNode = FALSE
	EndGlobalSection
	GlobalSection(ExtensibilityGlobals) = postSolution
		SolutionGuid = {4BDE86EB-9E43-4332-9F6F-A7F3B9237D89}
	EndGlobalSection
EndGlobal
